// !$*UTF8*$!
{
	archiveVersion = 1;
	classes = {
	};
	objectVersion = 46;
	objects = {

/* Begin PBXBuildFile section */
		3E21B0C919B5325D00ED0EC0 /* blip.caf in Resources */ = {isa = PBXBuildFile; fileRef = 3E21B0C619B5325D00ED0EC0 /* blip.caf */; };
		3E21B0CA19B5325D00ED0EC0 /* brickhit.caf in Resources */ = {isa = PBXBuildFile; fileRef = 3E21B0C719B5325D00ED0EC0 /* brickhit.caf */; };
		3E21B0CB19B5325D00ED0EC0 /* gameover.caf in Resources */ = {isa = PBXBuildFile; fileRef = 3E21B0C819B5325D00ED0EC0 /* gameover.caf */; };
		3E21B0CE19B5413D00ED0EC0 /* EndScene.m in Sources */ = {isa = PBXBuildFile; fileRef = 3E21B0CD19B5413D00ED0EC0 /* EndScene.m */; };
		3E21B0D019B620E000ED0EC0 /* bricks.atlas in Resources */ = {isa = PBXBuildFile; fileRef = 3E21B0CF19B620E000ED0EC0 /* bricks.atlas */; };
		3E21B0D319B62AF300ED0EC0 /* BrickExplosion.sks in Resources */ = {isa = PBXBuildFile; fileRef = 3E21B0D119B62AF300ED0EC0 /* BrickExplosion.sks */; };
		3E21B0D419B62AF300ED0EC0 /* spark.png in Resources */ = {isa = PBXBuildFile; fileRef = 3E21B0D219B62AF300ED0EC0 /* spark.png */; };
		3E21B0D719B6884500ED0EC0 /* HUDNode.m in Sources */ = {isa = PBXBuildFile; fileRef = 3E21B0D619B6884500ED0EC0 /* HUDNode.m */; };
		3E21B0DA19BBC46C00ED0EC0 /* RedBrickExplosion.sks in Resources */ = {isa = PBXBuildFile; fileRef = 3E21B0D819BBC46C00ED0EC0 /* RedBrickExplosion.sks */; };
		3E21B0DE19BBE04E00ED0EC0 /* BlueBrickExplosion.sks in Resources */ = {isa = PBXBuildFile; fileRef = 3E21B0DD19BBE04E00ED0EC0 /* BlueBrickExplosion.sks */; };
		3E7E298819B3BAC900C3DCBE /* Foundation.framework in Frameworks */ = {isa = PBXBuildFile; fileRef = 3E7E298719B3BAC900C3DCBE /* Foundation.framework */; };
		3E7E298A19B3BAC900C3DCBE /* CoreGraphics.framework in Frameworks */ = {isa = PBXBuildFile; fileRef = 3E7E298919B3BAC900C3DCBE /* CoreGraphics.framework */; };
		3E7E298C19B3BAC900C3DCBE /* UIKit.framework in Frameworks */ = {isa = PBXBuildFile; fileRef = 3E7E298B19B3BAC900C3DCBE /* UIKit.framework */; };
		3E7E298E19B3BAC900C3DCBE /* SpriteKit.framework in Frameworks */ = {isa = PBXBuildFile; fileRef = 3E7E298D19B3BAC900C3DCBE /* SpriteKit.framework */; };
		3E7E299419B3BAC900C3DCBE /* InfoPlist.strings in Resources */ = {isa = PBXBuildFile; fileRef = 3E7E299219B3BAC900C3DCBE /* InfoPlist.strings */; };
		3E7E299619B3BAC900C3DCBE /* main.m in Sources */ = {isa = PBXBuildFile; fileRef = 3E7E299519B3BAC900C3DCBE /* main.m */; };
		3E7E299A19B3BAC900C3DCBE /* AppDelegate.m in Sources */ = {isa = PBXBuildFile; fileRef = 3E7E299919B3BAC900C3DCBE /* AppDelegate.m */; };
		3E7E299D19B3BAC900C3DCBE /* Main.storyboard in Resources */ = {isa = PBXBuildFile; fileRef = 3E7E299B19B3BAC900C3DCBE /* Main.storyboard */; };
		3E7E29A019B3BAC900C3DCBE /* ViewController.m in Sources */ = {isa = PBXBuildFile; fileRef = 3E7E299F19B3BAC900C3DCBE /* ViewController.m */; };
		3E7E29A319B3BAC900C3DCBE /* MyScene.m in Sources */ = {isa = PBXBuildFile; fileRef = 3E7E29A219B3BAC900C3DCBE /* MyScene.m */; };
		3E7E29A719B3BAC900C3DCBE /* Images.xcassets in Resources */ = {isa = PBXBuildFile; fileRef = 3E7E29A619B3BAC900C3DCBE /* Images.xcassets */; };
		3E7E29AE19B3BAC900C3DCBE /* XCTest.framework in Frameworks */ = {isa = PBXBuildFile; fileRef = 3E7E29AD19B3BAC900C3DCBE /* XCTest.framework */; };
		3E7E29AF19B3BAC900C3DCBE /* Foundation.framework in Frameworks */ = {isa = PBXBuildFile; fileRef = 3E7E298719B3BAC900C3DCBE /* Foundation.framework */; };
		3E7E29B019B3BAC900C3DCBE /* UIKit.framework in Frameworks */ = {isa = PBXBuildFile; fileRef = 3E7E298B19B3BAC900C3DCBE /* UIKit.framework */; };
		3E7E29B819B3BAC900C3DCBE /* InfoPlist.strings in Resources */ = {isa = PBXBuildFile; fileRef = 3E7E29B619B3BAC900C3DCBE /* InfoPlist.strings */; };
		3E7E29BA19B3BAC900C3DCBE /* BreakingBricksTests.m in Sources */ = {isa = PBXBuildFile; fileRef = 3E7E29B919B3BAC900C3DCBE /* BreakingBricksTests.m */; };
		3E9B865A19D0C5150068A82A /* BlueSmoke.sks in Resources */ = {isa = PBXBuildFile; fileRef = 3E9B865919D0C5150068A82A /* BlueSmoke.sks */; };
		3ED6A5E619C509C5003A57EA /* StartScene.m in Sources */ = {isa = PBXBuildFile; fileRef = 3ED6A5E519C509C5003A57EA /* StartScene.m */; };
		3ED6A5FD19C51432003A57EA /* AdSupport.framework in Frameworks */ = {isa = PBXBuildFile; fileRef = 3ED6A5FC19C51432003A57EA /* AdSupport.framework */; };
		3ED6A5FF19C51448003A57EA /* AVFoundation.framework in Frameworks */ = {isa = PBXBuildFile; fileRef = 3ED6A5FE19C51448003A57EA /* AVFoundation.framework */; };
		3ED6A60119C51456003A57EA /* CoreTelephony.framework in Frameworks */ = {isa = PBXBuildFile; fileRef = 3ED6A60019C51456003A57EA /* CoreTelephony.framework */; };
		3ED6A60319C51468003A57EA /* CoreMedia.framework in Frameworks */ = {isa = PBXBuildFile; fileRef = 3ED6A60219C51468003A57EA /* CoreMedia.framework */; };
		3ED6A60519C51473003A57EA /* MediaPlayer.framework in Frameworks */ = {isa = PBXBuildFile; fileRef = 3ED6A60419C51473003A57EA /* MediaPlayer.framework */; };
		3ED6A60719C51482003A57EA /* SystemConfiguration.framework in Frameworks */ = {isa = PBXBuildFile; fileRef = 3ED6A60619C51482003A57EA /* SystemConfiguration.framework */; };
		3ED6A60919CE523F003A57EA /* brick7p.atlas in Resources */ = {isa = PBXBuildFile; fileRef = 3ED6A60819CE523F003A57EA /* brick7p.atlas */; };
		6C15A55419D8AF2F00C3C644 /* GreenBrickExplosion.sks in Resources */ = {isa = PBXBuildFile; fileRef = 6C15A55319D8AF2F00C3C644 /* GreenBrickExplosion.sks */; };
		6CC0A38019D8931D0043BF82 /* smallBrick.atlas in Resources */ = {isa = PBXBuildFile; fileRef = 6CC0A37F19D8931D0043BF82 /* smallBrick.atlas */; };
		6CE3385A19D3192700E95AEF /* libAppLovinSdk.a in Frameworks */ = {isa = PBXBuildFile; fileRef = 6CE3385919D3192700E95AEF /* libAppLovinSdk.a */; };
/* End PBXBuildFile section */

/* Begin PBXContainerItemProxy section */
		3E7E29B119B3BAC900C3DCBE /* PBXContainerItemProxy */ = {
			isa = PBXContainerItemProxy;
			containerPortal = 3E7E297C19B3BAC900C3DCBE /* Project object */;
			proxyType = 1;
			remoteGlobalIDString = 3E7E298319B3BAC900C3DCBE;
			remoteInfo = BreakingBricks;
		};
/* End PBXContainerItemProxy section */

/* Begin PBXFileReference section */
		3E21B0C619B5325D00ED0EC0 /* blip.caf */ = {isa = PBXFileReference; lastKnownFileType = file; path = blip.caf; sourceTree = "<group>"; };
		3E21B0C719B5325D00ED0EC0 /* brickhit.caf */ = {isa = PBXFileReference; lastKnownFileType = file; path = brickhit.caf; sourceTree = "<group>"; };
		3E21B0C819B5325D00ED0EC0 /* gameover.caf */ = {isa = PBXFileReference; lastKnownFileType = file; path = gameover.caf; sourceTree = "<group>"; };
		3E21B0CC19B5413D00ED0EC0 /* EndScene.h */ = {isa = PBXFileReference; fileEncoding = 4; lastKnownFileType = sourcecode.c.h; path = EndScene.h; sourceTree = "<group>"; };
		3E21B0CD19B5413D00ED0EC0 /* EndScene.m */ = {isa = PBXFileReference; fileEncoding = 4; lastKnownFileType = sourcecode.c.objc; path = EndScene.m; sourceTree = "<group>"; };
		3E21B0CF19B620E000ED0EC0 /* bricks.atlas */ = {isa = PBXFileReference; lastKnownFileType = folder.skatlas; path = bricks.atlas; sourceTree = "<group>"; };
		3E21B0D119B62AF300ED0EC0 /* BrickExplosion.sks */ = {isa = PBXFileReference; lastKnownFileType = file.sks; path = BrickExplosion.sks; sourceTree = "<group>"; };
		3E21B0D219B62AF300ED0EC0 /* spark.png */ = {isa = PBXFileReference; lastKnownFileType = image.png; path = spark.png; sourceTree = "<group>"; };
		3E21B0D519B6884500ED0EC0 /* HUDNode.h */ = {isa = PBXFileReference; fileEncoding = 4; lastKnownFileType = sourcecode.c.h; path = HUDNode.h; sourceTree = "<group>"; };
		3E21B0D619B6884500ED0EC0 /* HUDNode.m */ = {isa = PBXFileReference; fileEncoding = 4; lastKnownFileType = sourcecode.c.objc; path = HUDNode.m; sourceTree = "<group>"; };
		3E21B0D819BBC46C00ED0EC0 /* RedBrickExplosion.sks */ = {isa = PBXFileReference; lastKnownFileType = file.sks; name = RedBrickExplosion.sks; path = explosions/RedBrickExplosion.sks; sourceTree = "<group>"; };
		3E21B0DD19BBE04E00ED0EC0 /* BlueBrickExplosion.sks */ = {isa = PBXFileReference; lastKnownFileType = file.sks; name = BlueBrickExplosion.sks; path = explosions/BlueBrickExplosion.sks; sourceTree = "<group>"; };
		3E7E298419B3BAC900C3DCBE /* Bricked.app */ = {isa = PBXFileReference; explicitFileType = wrapper.application; includeInIndex = 0; path = Bricked.app; sourceTree = BUILT_PRODUCTS_DIR; };
		3E7E298719B3BAC900C3DCBE /* Foundation.framework */ = {isa = PBXFileReference; lastKnownFileType = wrapper.framework; name = Foundation.framework; path = System/Library/Frameworks/Foundation.framework; sourceTree = SDKROOT; };
		3E7E298919B3BAC900C3DCBE /* CoreGraphics.framework */ = {isa = PBXFileReference; lastKnownFileType = wrapper.framework; name = CoreGraphics.framework; path = System/Library/Frameworks/CoreGraphics.framework; sourceTree = SDKROOT; };
		3E7E298B19B3BAC900C3DCBE /* UIKit.framework */ = {isa = PBXFileReference; lastKnownFileType = wrapper.framework; name = UIKit.framework; path = System/Library/Frameworks/UIKit.framework; sourceTree = SDKROOT; };
		3E7E298D19B3BAC900C3DCBE /* SpriteKit.framework */ = {isa = PBXFileReference; lastKnownFileType = wrapper.framework; name = SpriteKit.framework; path = System/Library/Frameworks/SpriteKit.framework; sourceTree = SDKROOT; };
		3E7E299119B3BAC900C3DCBE /* BreakingBricks-Info.plist */ = {isa = PBXFileReference; lastKnownFileType = text.plist.xml; path = "BreakingBricks-Info.plist"; sourceTree = "<group>"; };
		3E7E299319B3BAC900C3DCBE /* en */ = {isa = PBXFileReference; lastKnownFileType = text.plist.strings; name = en; path = en.lproj/InfoPlist.strings; sourceTree = "<group>"; };
		3E7E299519B3BAC900C3DCBE /* main.m */ = {isa = PBXFileReference; lastKnownFileType = sourcecode.c.objc; path = main.m; sourceTree = "<group>"; };
		3E7E299719B3BAC900C3DCBE /* BreakingBricks-Prefix.pch */ = {isa = PBXFileReference; lastKnownFileType = sourcecode.c.h; path = "BreakingBricks-Prefix.pch"; sourceTree = "<group>"; };
		3E7E299819B3BAC900C3DCBE /* AppDelegate.h */ = {isa = PBXFileReference; lastKnownFileType = sourcecode.c.h; path = AppDelegate.h; sourceTree = "<group>"; };
		3E7E299919B3BAC900C3DCBE /* AppDelegate.m */ = {isa = PBXFileReference; lastKnownFileType = sourcecode.c.objc; path = AppDelegate.m; sourceTree = "<group>"; };
		3E7E299C19B3BAC900C3DCBE /* Base */ = {isa = PBXFileReference; lastKnownFileType = file.storyboard; name = Base; path = Base.lproj/Main.storyboard; sourceTree = "<group>"; };
		3E7E299E19B3BAC900C3DCBE /* ViewController.h */ = {isa = PBXFileReference; lastKnownFileType = sourcecode.c.h; path = ViewController.h; sourceTree = "<group>"; };
		3E7E299F19B3BAC900C3DCBE /* ViewController.m */ = {isa = PBXFileReference; lastKnownFileType = sourcecode.c.objc; path = ViewController.m; sourceTree = "<group>"; };
		3E7E29A119B3BAC900C3DCBE /* MyScene.h */ = {isa = PBXFileReference; lastKnownFileType = sourcecode.c.h; path = MyScene.h; sourceTree = "<group>"; };
		3E7E29A219B3BAC900C3DCBE /* MyScene.m */ = {isa = PBXFileReference; lastKnownFileType = sourcecode.c.objc; path = MyScene.m; sourceTree = "<group>"; };
		3E7E29A619B3BAC900C3DCBE /* Images.xcassets */ = {isa = PBXFileReference; lastKnownFileType = folder.assetcatalog; path = Images.xcassets; sourceTree = "<group>"; };
		3E7E29AC19B3BAC900C3DCBE /* BreakingBricksTests.xctest */ = {isa = PBXFileReference; explicitFileType = wrapper.cfbundle; includeInIndex = 0; path = BreakingBricksTests.xctest; sourceTree = BUILT_PRODUCTS_DIR; };
		3E7E29AD19B3BAC900C3DCBE /* XCTest.framework */ = {isa = PBXFileReference; lastKnownFileType = wrapper.framework; name = XCTest.framework; path = Library/Frameworks/XCTest.framework; sourceTree = DEVELOPER_DIR; };
		3E7E29B519B3BAC900C3DCBE /* BreakingBricksTests-Info.plist */ = {isa = PBXFileReference; lastKnownFileType = text.plist.xml; path = "BreakingBricksTests-Info.plist"; sourceTree = "<group>"; };
		3E7E29B719B3BAC900C3DCBE /* en */ = {isa = PBXFileReference; lastKnownFileType = text.plist.strings; name = en; path = en.lproj/InfoPlist.strings; sourceTree = "<group>"; };
		3E7E29B919B3BAC900C3DCBE /* BreakingBricksTests.m */ = {isa = PBXFileReference; lastKnownFileType = sourcecode.c.objc; path = BreakingBricksTests.m; sourceTree = "<group>"; };
		3E9B865919D0C5150068A82A /* BlueSmoke.sks */ = {isa = PBXFileReference; lastKnownFileType = file.sks; path = BlueSmoke.sks; sourceTree = "<group>"; };
		3ED6A5E419C509C5003A57EA /* StartScene.h */ = {isa = PBXFileReference; fileEncoding = 4; lastKnownFileType = sourcecode.c.h; path = StartScene.h; sourceTree = "<group>"; };
		3ED6A5E519C509C5003A57EA /* StartScene.m */ = {isa = PBXFileReference; fileEncoding = 4; lastKnownFileType = sourcecode.c.objc; path = StartScene.m; sourceTree = "<group>"; };
		3ED6A5E919C512FF003A57EA /* ALAd.h */ = {isa = PBXFileReference; fileEncoding = 4; lastKnownFileType = sourcecode.c.h; path = ALAd.h; sourceTree = "<group>"; };
		3ED6A5EA19C512FF003A57EA /* ALAdDisplayDelegate.h */ = {isa = PBXFileReference; fileEncoding = 4; lastKnownFileType = sourcecode.c.h; path = ALAdDisplayDelegate.h; sourceTree = "<group>"; };
		3ED6A5EB19C512FF003A57EA /* ALAdLoadDelegate.h */ = {isa = PBXFileReference; fileEncoding = 4; lastKnownFileType = sourcecode.c.h; path = ALAdLoadDelegate.h; sourceTree = "<group>"; };
		3ED6A5EC19C512FF003A57EA /* ALAdRewardDelegate.h */ = {isa = PBXFileReference; fileEncoding = 4; lastKnownFileType = sourcecode.c.h; path = ALAdRewardDelegate.h; sourceTree = "<group>"; };
		3ED6A5ED19C512FF003A57EA /* ALAdService.h */ = {isa = PBXFileReference; fileEncoding = 4; lastKnownFileType = sourcecode.c.h; path = ALAdService.h; sourceTree = "<group>"; };
		3ED6A5EE19C512FF003A57EA /* ALAdSize.h */ = {isa = PBXFileReference; fileEncoding = 4; lastKnownFileType = sourcecode.c.h; path = ALAdSize.h; sourceTree = "<group>"; };
		3ED6A5EF19C512FF003A57EA /* ALAdType.h */ = {isa = PBXFileReference; fileEncoding = 4; lastKnownFileType = sourcecode.c.h; path = ALAdType.h; sourceTree = "<group>"; };
		3ED6A5F019C512FF003A57EA /* ALAdUpdateDelegate.h */ = {isa = PBXFileReference; fileEncoding = 4; lastKnownFileType = sourcecode.c.h; path = ALAdUpdateDelegate.h; sourceTree = "<group>"; };
		3ED6A5F119C512FF003A57EA /* ALAdVideoPlaybackDelegate.h */ = {isa = PBXFileReference; fileEncoding = 4; lastKnownFileType = sourcecode.c.h; path = ALAdVideoPlaybackDelegate.h; sourceTree = "<group>"; };
		3ED6A5F219C512FF003A57EA /* ALAdView.h */ = {isa = PBXFileReference; fileEncoding = 4; lastKnownFileType = sourcecode.c.h; path = ALAdView.h; sourceTree = "<group>"; };
		3ED6A5F319C512FF003A57EA /* ALErrorCodes.h */ = {isa = PBXFileReference; fileEncoding = 4; lastKnownFileType = sourcecode.c.h; path = ALErrorCodes.h; sourceTree = "<group>"; };
		3ED6A5F419C512FF003A57EA /* ALIncentivizedInterstitialAd.h */ = {isa = PBXFileReference; fileEncoding = 4; lastKnownFileType = sourcecode.c.h; path = ALIncentivizedInterstitialAd.h; sourceTree = "<group>"; };
		3ED6A5F519C512FF003A57EA /* ALInterstitialAd.h */ = {isa = PBXFileReference; fileEncoding = 4; lastKnownFileType = sourcecode.c.h; path = ALInterstitialAd.h; sourceTree = "<group>"; };
		3ED6A5F619C512FF003A57EA /* ALSdk.h */ = {isa = PBXFileReference; fileEncoding = 4; lastKnownFileType = sourcecode.c.h; path = ALSdk.h; sourceTree = "<group>"; };
		3ED6A5F719C512FF003A57EA /* ALSdkSettings.h */ = {isa = PBXFileReference; fileEncoding = 4; lastKnownFileType = sourcecode.c.h; path = ALSdkSettings.h; sourceTree = "<group>"; };
		3ED6A5F819C512FF003A57EA /* ALSwiftHeaders.h */ = {isa = PBXFileReference; fileEncoding = 4; lastKnownFileType = sourcecode.c.h; path = ALSwiftHeaders.h; sourceTree = "<group>"; };
		3ED6A5F919C512FF003A57EA /* ALTargetingData.h */ = {isa = PBXFileReference; fileEncoding = 4; lastKnownFileType = sourcecode.c.h; path = ALTargetingData.h; sourceTree = "<group>"; };
		3ED6A5FC19C51432003A57EA /* AdSupport.framework */ = {isa = PBXFileReference; lastKnownFileType = wrapper.framework; name = AdSupport.framework; path = System/Library/Frameworks/AdSupport.framework; sourceTree = SDKROOT; };
		3ED6A5FE19C51448003A57EA /* AVFoundation.framework */ = {isa = PBXFileReference; lastKnownFileType = wrapper.framework; name = AVFoundation.framework; path = System/Library/Frameworks/AVFoundation.framework; sourceTree = SDKROOT; };
		3ED6A60019C51456003A57EA /* CoreTelephony.framework */ = {isa = PBXFileReference; lastKnownFileType = wrapper.framework; name = CoreTelephony.framework; path = System/Library/Frameworks/CoreTelephony.framework; sourceTree = SDKROOT; };
		3ED6A60219C51468003A57EA /* CoreMedia.framework */ = {isa = PBXFileReference; lastKnownFileType = wrapper.framework; name = CoreMedia.framework; path = System/Library/Frameworks/CoreMedia.framework; sourceTree = SDKROOT; };
		3ED6A60419C51473003A57EA /* MediaPlayer.framework */ = {isa = PBXFileReference; lastKnownFileType = wrapper.framework; name = MediaPlayer.framework; path = System/Library/Frameworks/MediaPlayer.framework; sourceTree = SDKROOT; };
		3ED6A60619C51482003A57EA /* SystemConfiguration.framework */ = {isa = PBXFileReference; lastKnownFileType = wrapper.framework; name = SystemConfiguration.framework; path = System/Library/Frameworks/SystemConfiguration.framework; sourceTree = SDKROOT; };
		3ED6A60819CE523F003A57EA /* brick7p.atlas */ = {isa = PBXFileReference; lastKnownFileType = folder.skatlas; path = brick7p.atlas; sourceTree = "<group>"; };
		6C15A55319D8AF2F00C3C644 /* GreenBrickExplosion.sks */ = {isa = PBXFileReference; lastKnownFileType = file.sks; name = GreenBrickExplosion.sks; path = explosions/GreenBrickExplosion.sks; sourceTree = "<group>"; };
		6CC0A37F19D8931D0043BF82 /* smallBrick.atlas */ = {isa = PBXFileReference; lastKnownFileType = folder.skatlas; path = smallBrick.atlas; sourceTree = "<group>"; };
		6CE3385919D3192700E95AEF /* libAppLovinSdk.a */ = {isa = PBXFileReference; lastKnownFileType = archive.ar; path = libAppLovinSdk.a; sourceTree = "<group>"; };
/* End PBXFileReference section */

/* Begin PBXFrameworksBuildPhase section */
		3E7E298119B3BAC900C3DCBE /* Frameworks */ = {
			isa = PBXFrameworksBuildPhase;
			buildActionMask = 2147483647;
			files = (
				3ED6A60719C51482003A57EA /* SystemConfiguration.framework in Frameworks */,
				6CE3385A19D3192700E95AEF /* libAppLovinSdk.a in Frameworks */,
				3ED6A60519C51473003A57EA /* MediaPlayer.framework in Frameworks */,
				3ED6A60319C51468003A57EA /* CoreMedia.framework in Frameworks */,
				3ED6A60119C51456003A57EA /* CoreTelephony.framework in Frameworks */,
				3ED6A5FF19C51448003A57EA /* AVFoundation.framework in Frameworks */,
				3ED6A5FD19C51432003A57EA /* AdSupport.framework in Frameworks */,
				3E7E298A19B3BAC900C3DCBE /* CoreGraphics.framework in Frameworks */,
				3E7E298C19B3BAC900C3DCBE /* UIKit.framework in Frameworks */,
				3E7E298E19B3BAC900C3DCBE /* SpriteKit.framework in Frameworks */,
				3E7E298819B3BAC900C3DCBE /* Foundation.framework in Frameworks */,
			);
			runOnlyForDeploymentPostprocessing = 0;
		};
		3E7E29A919B3BAC900C3DCBE /* Frameworks */ = {
			isa = PBXFrameworksBuildPhase;
			buildActionMask = 2147483647;
			files = (
				3E7E29AE19B3BAC900C3DCBE /* XCTest.framework in Frameworks */,
				3E7E29B019B3BAC900C3DCBE /* UIKit.framework in Frameworks */,
				3E7E29AF19B3BAC900C3DCBE /* Foundation.framework in Frameworks */,
			);
			runOnlyForDeploymentPostprocessing = 0;
		};
/* End PBXFrameworksBuildPhase section */

/* Begin PBXGroup section */
		3E21B0C519B5322000ED0EC0 /* sounds */ = {
			isa = PBXGroup;
			children = (
				3E21B0C619B5325D00ED0EC0 /* blip.caf */,
				3E21B0C719B5325D00ED0EC0 /* brickhit.caf */,
				3E21B0C819B5325D00ED0EC0 /* gameover.caf */,
			);
			name = sounds;
			sourceTree = "<group>";
		};
		3E21B0DC19BBC47F00ED0EC0 /* Explosions */ = {
			isa = PBXGroup;
			children = (
				3E9B865919D0C5150068A82A /* BlueSmoke.sks */,
				3E21B0D819BBC46C00ED0EC0 /* RedBrickExplosion.sks */,
				3E21B0DD19BBE04E00ED0EC0 /* BlueBrickExplosion.sks */,
				6C15A55319D8AF2F00C3C644 /* GreenBrickExplosion.sks */,
				3E21B0D119B62AF300ED0EC0 /* BrickExplosion.sks */,
				3E21B0D219B62AF300ED0EC0 /* spark.png */,
			);
			name = Explosions;
			sourceTree = "<group>";
		};
		3E7E297B19B3BAC900C3DCBE = {
			isa = PBXGroup;
			children = (
				3E7E298F19B3BAC900C3DCBE /* BreakingBricks */,
				3E7E29B319B3BAC900C3DCBE /* BreakingBricksTests */,
				3E7E298619B3BAC900C3DCBE /* Frameworks */,
				3E7E298519B3BAC900C3DCBE /* Products */,
			);
			sourceTree = "<group>";
		};
		3E7E298519B3BAC900C3DCBE /* Products */ = {
			isa = PBXGroup;
			children = (
				3E7E298419B3BAC900C3DCBE /* Bricked.app */,
				3E7E29AC19B3BAC900C3DCBE /* BreakingBricksTests.xctest */,
			);
			name = Products;
			sourceTree = "<group>";
		};
		3E7E298619B3BAC900C3DCBE /* Frameworks */ = {
			isa = PBXGroup;
			children = (
				3ED6A60619C51482003A57EA /* SystemConfiguration.framework */,
				3ED6A60419C51473003A57EA /* MediaPlayer.framework */,
				3ED6A60219C51468003A57EA /* CoreMedia.framework */,
				3ED6A60019C51456003A57EA /* CoreTelephony.framework */,
				3ED6A5FE19C51448003A57EA /* AVFoundation.framework */,
				3ED6A5FC19C51432003A57EA /* AdSupport.framework */,
				3E7E298719B3BAC900C3DCBE /* Foundation.framework */,
				3E7E298919B3BAC900C3DCBE /* CoreGraphics.framework */,
				3E7E298B19B3BAC900C3DCBE /* UIKit.framework */,
				3E7E298D19B3BAC900C3DCBE /* SpriteKit.framework */,
				3E7E29AD19B3BAC900C3DCBE /* XCTest.framework */,
			);
			name = Frameworks;
			sourceTree = "<group>";
		};
		3E7E298F19B3BAC900C3DCBE /* BreakingBricks */ = {
			isa = PBXGroup;
			children = (
				3E7E299819B3BAC900C3DCBE /* AppDelegate.h */,
				3E7E299919B3BAC900C3DCBE /* AppDelegate.m */,
				3E7E299B19B3BAC900C3DCBE /* Main.storyboard */,
				3E7E299E19B3BAC900C3DCBE /* ViewController.h */,
				3E7E299F19B3BAC900C3DCBE /* ViewController.m */,
				3E7E29A119B3BAC900C3DCBE /* MyScene.h */,
				3E7E29A219B3BAC900C3DCBE /* MyScene.m */,
				3ED6A5E419C509C5003A57EA /* StartScene.h */,
				3ED6A5E519C509C5003A57EA /* StartScene.m */,
				3E21B0CC19B5413D00ED0EC0 /* EndScene.h */,
				3E21B0CD19B5413D00ED0EC0 /* EndScene.m */,
				3E21B0D519B6884500ED0EC0 /* HUDNode.h */,
				3E21B0D619B6884500ED0EC0 /* HUDNode.m */,
				3E7E29A619B3BAC900C3DCBE /* Images.xcassets */,
				6CC0A37F19D8931D0043BF82 /* smallBrick.atlas */,
				3ED6A60819CE523F003A57EA /* brick7p.atlas */,
				3E21B0CF19B620E000ED0EC0 /* bricks.atlas */,
				3E21B0DC19BBC47F00ED0EC0 /* Explosions */,
				3E21B0C519B5322000ED0EC0 /* sounds */,
				3E7E299019B3BAC900C3DCBE /* Supporting Files */,
				3ED6A5E719C512D6003A57EA /* Third Party */,
			);
			path = BreakingBricks;
			sourceTree = "<group>";
		};
		3E7E299019B3BAC900C3DCBE /* Supporting Files */ = {
			isa = PBXGroup;
			children = (
				3E7E299119B3BAC900C3DCBE /* BreakingBricks-Info.plist */,
				3E7E299219B3BAC900C3DCBE /* InfoPlist.strings */,
				3E7E299519B3BAC900C3DCBE /* main.m */,
				3E7E299719B3BAC900C3DCBE /* BreakingBricks-Prefix.pch */,
			);
			name = "Supporting Files";
			sourceTree = "<group>";
		};
		3E7E29B319B3BAC900C3DCBE /* BreakingBricksTests */ = {
			isa = PBXGroup;
			children = (
				3E7E29B919B3BAC900C3DCBE /* BreakingBricksTests.m */,
				3E7E29B419B3BAC900C3DCBE /* Supporting Files */,
			);
			path = BreakingBricksTests;
			sourceTree = "<group>";
		};
		3E7E29B419B3BAC900C3DCBE /* Supporting Files */ = {
			isa = PBXGroup;
			children = (
				3E7E29B519B3BAC900C3DCBE /* BreakingBricksTests-Info.plist */,
				3E7E29B619B3BAC900C3DCBE /* InfoPlist.strings */,
			);
			name = "Supporting Files";
			sourceTree = "<group>";
		};
		3ED6A5E719C512D6003A57EA /* Third Party */ = {
			isa = PBXGroup;
			children = (
				6CE3385919D3192700E95AEF /* libAppLovinSdk.a */,
				3ED6A5E819C512FF003A57EA /* headers */,
			);
			name = "Third Party";
			sourceTree = "<group>";
		};
		3ED6A5E819C512FF003A57EA /* headers */ = {
			isa = PBXGroup;
			children = (
				3ED6A5E919C512FF003A57EA /* ALAd.h */,
				3ED6A5EA19C512FF003A57EA /* ALAdDisplayDelegate.h */,
				3ED6A5EB19C512FF003A57EA /* ALAdLoadDelegate.h */,
				3ED6A5EC19C512FF003A57EA /* ALAdRewardDelegate.h */,
				3ED6A5ED19C512FF003A57EA /* ALAdService.h */,
				3ED6A5EE19C512FF003A57EA /* ALAdSize.h */,
				3ED6A5EF19C512FF003A57EA /* ALAdType.h */,
				3ED6A5F019C512FF003A57EA /* ALAdUpdateDelegate.h */,
				3ED6A5F119C512FF003A57EA /* ALAdVideoPlaybackDelegate.h */,
				3ED6A5F219C512FF003A57EA /* ALAdView.h */,
				3ED6A5F319C512FF003A57EA /* ALErrorCodes.h */,
				3ED6A5F419C512FF003A57EA /* ALIncentivizedInterstitialAd.h */,
				3ED6A5F519C512FF003A57EA /* ALInterstitialAd.h */,
				3ED6A5F619C512FF003A57EA /* ALSdk.h */,
				3ED6A5F719C512FF003A57EA /* ALSdkSettings.h */,
				3ED6A5F819C512FF003A57EA /* ALSwiftHeaders.h */,
				3ED6A5F919C512FF003A57EA /* ALTargetingData.h */,
			);
			path = headers;
			sourceTree = "<group>";
		};
/* End PBXGroup section */

/* Begin PBXNativeTarget section */
		3E7E298319B3BAC900C3DCBE /* Bricked */ = {
			isa = PBXNativeTarget;
			buildConfigurationList = 3E7E29BD19B3BAC900C3DCBE /* Build configuration list for PBXNativeTarget "Bricked" */;
			buildPhases = (
				3E7E298019B3BAC900C3DCBE /* Sources */,
				3E7E298119B3BAC900C3DCBE /* Frameworks */,
				3E7E298219B3BAC900C3DCBE /* Resources */,
			);
			buildRules = (
			);
			dependencies = (
			);
			name = Bricked;
			productName = BreakingBricks;
			productReference = 3E7E298419B3BAC900C3DCBE /* Bricked.app */;
			productType = "com.apple.product-type.application";
		};
		3E7E29AB19B3BAC900C3DCBE /* BreakingBricksTests */ = {
			isa = PBXNativeTarget;
			buildConfigurationList = 3E7E29C019B3BAC900C3DCBE /* Build configuration list for PBXNativeTarget "BreakingBricksTests" */;
			buildPhases = (
				3E7E29A819B3BAC900C3DCBE /* Sources */,
				3E7E29A919B3BAC900C3DCBE /* Frameworks */,
				3E7E29AA19B3BAC900C3DCBE /* Resources */,
			);
			buildRules = (
			);
			dependencies = (
				3E7E29B219B3BAC900C3DCBE /* PBXTargetDependency */,
			);
			name = BreakingBricksTests;
			productName = BreakingBricksTests;
			productReference = 3E7E29AC19B3BAC900C3DCBE /* BreakingBricksTests.xctest */;
			productType = "com.apple.product-type.bundle.unit-test";
		};
/* End PBXNativeTarget section */

/* Begin PBXProject section */
		3E7E297C19B3BAC900C3DCBE /* Project object */ = {
			isa = PBXProject;
			attributes = {
				LastUpgradeCheck = 0500;
				ORGANIZATIONNAME = "Dulio Denis";
				TargetAttributes = {
					3E7E298319B3BAC900C3DCBE = {
						DevelopmentTeam = FVTGESA2J4;
					};
					3E7E29AB19B3BAC900C3DCBE = {
						TestTargetID = 3E7E298319B3BAC900C3DCBE;
					};
				};
			};
			buildConfigurationList = 3E7E297F19B3BAC900C3DCBE /* Build configuration list for PBXProject "BreakingBricks" */;
			compatibilityVersion = "Xcode 3.2";
			developmentRegion = English;
			hasScannedForEncodings = 0;
			knownRegions = (
				en,
				Base,
			);
			mainGroup = 3E7E297B19B3BAC900C3DCBE;
			productRefGroup = 3E7E298519B3BAC900C3DCBE /* Products */;
			projectDirPath = "";
			projectRoot = "";
			targets = (
				3E7E298319B3BAC900C3DCBE /* Bricked */,
				3E7E29AB19B3BAC900C3DCBE /* BreakingBricksTests */,
			);
		};
/* End PBXProject section */

/* Begin PBXResourcesBuildPhase section */
		3E7E298219B3BAC900C3DCBE /* Resources */ = {
			isa = PBXResourcesBuildPhase;
			buildActionMask = 2147483647;
			files = (
				3E7E299419B3BAC900C3DCBE /* InfoPlist.strings in Resources */,
				3E21B0D419B62AF300ED0EC0 /* spark.png in Resources */,
				3E21B0C919B5325D00ED0EC0 /* blip.caf in Resources */,
				6C15A55419D8AF2F00C3C644 /* GreenBrickExplosion.sks in Resources */,
				3E21B0CB19B5325D00ED0EC0 /* gameover.caf in Resources */,
				3E7E29A719B3BAC900C3DCBE /* Images.xcassets in Resources */,
				3E7E299D19B3BAC900C3DCBE /* Main.storyboard in Resources */,
				3E9B865A19D0C5150068A82A /* BlueSmoke.sks in Resources */,
				6CC0A38019D8931D0043BF82 /* smallBrick.atlas in Resources */,
				3ED6A60919CE523F003A57EA /* brick7p.atlas in Resources */,
				3E21B0D319B62AF300ED0EC0 /* BrickExplosion.sks in Resources */,
				3E21B0D019B620E000ED0EC0 /* bricks.atlas in Resources */,
				3E21B0DE19BBE04E00ED0EC0 /* BlueBrickExplosion.sks in Resources */,
				3E21B0CA19B5325D00ED0EC0 /* brickhit.caf in Resources */,
				3E21B0DA19BBC46C00ED0EC0 /* RedBrickExplosion.sks in Resources */,
			);
			runOnlyForDeploymentPostprocessing = 0;
		};
		3E7E29AA19B3BAC900C3DCBE /* Resources */ = {
			isa = PBXResourcesBuildPhase;
			buildActionMask = 2147483647;
			files = (
				3E7E29B819B3BAC900C3DCBE /* InfoPlist.strings in Resources */,
			);
			runOnlyForDeploymentPostprocessing = 0;
		};
/* End PBXResourcesBuildPhase section */

/* Begin PBXSourcesBuildPhase section */
		3E7E298019B3BAC900C3DCBE /* Sources */ = {
			isa = PBXSourcesBuildPhase;
			buildActionMask = 2147483647;
			files = (
				3E7E29A319B3BAC900C3DCBE /* MyScene.m in Sources */,
				3E7E29A019B3BAC900C3DCBE /* ViewController.m in Sources */,
				3E7E299A19B3BAC900C3DCBE /* AppDelegate.m in Sources */,
				3E21B0D719B6884500ED0EC0 /* HUDNode.m in Sources */,
				3E7E299619B3BAC900C3DCBE /* main.m in Sources */,
				3ED6A5E619C509C5003A57EA /* StartScene.m in Sources */,
				3E21B0CE19B5413D00ED0EC0 /* EndScene.m in Sources */,
			);
			runOnlyForDeploymentPostprocessing = 0;
		};
		3E7E29A819B3BAC900C3DCBE /* Sources */ = {
			isa = PBXSourcesBuildPhase;
			buildActionMask = 2147483647;
			files = (
				3E7E29BA19B3BAC900C3DCBE /* BreakingBricksTests.m in Sources */,
			);
			runOnlyForDeploymentPostprocessing = 0;
		};
/* End PBXSourcesBuildPhase section */

/* Begin PBXTargetDependency section */
		3E7E29B219B3BAC900C3DCBE /* PBXTargetDependency */ = {
			isa = PBXTargetDependency;
			target = 3E7E298319B3BAC900C3DCBE /* Bricked */;
			targetProxy = 3E7E29B119B3BAC900C3DCBE /* PBXContainerItemProxy */;
		};
/* End PBXTargetDependency section */

/* Begin PBXVariantGroup section */
		3E7E299219B3BAC900C3DCBE /* InfoPlist.strings */ = {
			isa = PBXVariantGroup;
			children = (
				3E7E299319B3BAC900C3DCBE /* en */,
			);
			name = InfoPlist.strings;
			sourceTree = "<group>";
		};
		3E7E299B19B3BAC900C3DCBE /* Main.storyboard */ = {
			isa = PBXVariantGroup;
			children = (
				3E7E299C19B3BAC900C3DCBE /* Base */,
			);
			name = Main.storyboard;
			sourceTree = "<group>";
		};
		3E7E29B619B3BAC900C3DCBE /* InfoPlist.strings */ = {
			isa = PBXVariantGroup;
			children = (
				3E7E29B719B3BAC900C3DCBE /* en */,
			);
			name = InfoPlist.strings;
			sourceTree = "<group>";
		};
/* End PBXVariantGroup section */

/* Begin XCBuildConfiguration section */
		3E7E29BB19B3BAC900C3DCBE /* Debug */ = {
			isa = XCBuildConfiguration;
			buildSettings = {
				ALWAYS_SEARCH_USER_PATHS = NO;
				ARCHS = "$(ARCHS_STANDARD_INCLUDING_64_BIT)";
				CLANG_CXX_LANGUAGE_STANDARD = "gnu++0x";
				CLANG_CXX_LIBRARY = "libc++";
				CLANG_ENABLE_MODULES = YES;
				CLANG_ENABLE_OBJC_ARC = YES;
				CLANG_WARN_BOOL_CONVERSION = YES;
				CLANG_WARN_CONSTANT_CONVERSION = YES;
				CLANG_WARN_DIRECT_OBJC_ISA_USAGE = YES_ERROR;
				CLANG_WARN_EMPTY_BODY = YES;
				CLANG_WARN_ENUM_CONVERSION = YES;
				CLANG_WARN_INT_CONVERSION = YES;
				CLANG_WARN_OBJC_ROOT_CLASS = YES_ERROR;
				CLANG_WARN__DUPLICATE_METHOD_MATCH = YES;
				"CODE_SIGN_IDENTITY[sdk=iphoneos*]" = "iPhone Developer";
				COPY_PHASE_STRIP = NO;
				GCC_C_LANGUAGE_STANDARD = gnu99;
				GCC_DYNAMIC_NO_PIC = NO;
				GCC_OPTIMIZATION_LEVEL = 0;
				GCC_PREPROCESSOR_DEFINITIONS = (
					"DEBUG=1",
					"$(inherited)",
				);
				GCC_SYMBOLS_PRIVATE_EXTERN = NO;
				GCC_WARN_64_TO_32_BIT_CONVERSION = YES;
				GCC_WARN_ABOUT_RETURN_TYPE = YES_ERROR;
				GCC_WARN_UNDECLARED_SELECTOR = YES;
				GCC_WARN_UNINITIALIZED_AUTOS = YES;
				GCC_WARN_UNUSED_FUNCTION = YES;
				GCC_WARN_UNUSED_VARIABLE = YES;
				IPHONEOS_DEPLOYMENT_TARGET = 7.0;
				ONLY_ACTIVE_ARCH = YES;
				SDKROOT = iphoneos;
			};
			name = Debug;
		};
		3E7E29BC19B3BAC900C3DCBE /* Release */ = {
			isa = XCBuildConfiguration;
			buildSettings = {
				ALWAYS_SEARCH_USER_PATHS = NO;
				ARCHS = "$(ARCHS_STANDARD_INCLUDING_64_BIT)";
				CLANG_CXX_LANGUAGE_STANDARD = "gnu++0x";
				CLANG_CXX_LIBRARY = "libc++";
				CLANG_ENABLE_MODULES = YES;
				CLANG_ENABLE_OBJC_ARC = YES;
				CLANG_WARN_BOOL_CONVERSION = YES;
				CLANG_WARN_CONSTANT_CONVERSION = YES;
				CLANG_WARN_DIRECT_OBJC_ISA_USAGE = YES_ERROR;
				CLANG_WARN_EMPTY_BODY = YES;
				CLANG_WARN_ENUM_CONVERSION = YES;
				CLANG_WARN_INT_CONVERSION = YES;
				CLANG_WARN_OBJC_ROOT_CLASS = YES_ERROR;
				CLANG_WARN__DUPLICATE_METHOD_MATCH = YES;
				"CODE_SIGN_IDENTITY[sdk=iphoneos*]" = "iPhone Developer";
				COPY_PHASE_STRIP = YES;
				ENABLE_NS_ASSERTIONS = NO;
				GCC_C_LANGUAGE_STANDARD = gnu99;
				GCC_WARN_64_TO_32_BIT_CONVERSION = YES;
				GCC_WARN_ABOUT_RETURN_TYPE = YES_ERROR;
				GCC_WARN_UNDECLARED_SELECTOR = YES;
				GCC_WARN_UNINITIALIZED_AUTOS = YES;
				GCC_WARN_UNUSED_FUNCTION = YES;
				GCC_WARN_UNUSED_VARIABLE = YES;
				IPHONEOS_DEPLOYMENT_TARGET = 7.0;
				SDKROOT = iphoneos;
				VALIDATE_PRODUCT = YES;
			};
			name = Release;
		};
		3E7E29BE19B3BAC900C3DCBE /* Debug */ = {
			isa = XCBuildConfiguration;
			buildSettings = {
				ASSETCATALOG_COMPILER_APPICON_NAME = AppIcon;
				ASSETCATALOG_COMPILER_LAUNCHIMAGE_NAME = LaunchImage;
				CODE_SIGN_IDENTITY = "iPhone Developer";
				GCC_PRECOMPILE_PREFIX_HEADER = YES;
				GCC_PREFIX_HEADER = "BreakingBricks/BreakingBricks-Prefix.pch";
				INFOPLIST_FILE = "BreakingBricks/BreakingBricks-Info.plist";
				LIBRARY_SEARCH_PATHS = (
					"$(inherited)",
					"/Users/xcodenerd/dev/github-projects/BreakingBricks/BreakingBricks/BreakingBricks",
					"$(PROJECT_DIR)/BreakingBricks",
				);
				OTHER_LDFLAGS = (
					"-all_load",
					"-ObjC",
				);
				PRODUCT_NAME = "$(TARGET_NAME)";
				SPRITEKIT_TEXTURE_ATLAS_OUTPUT = YES;
				WRAPPER_EXTENSION = app;
			};
			name = Debug;
		};
		3E7E29BF19B3BAC900C3DCBE /* Release */ = {
			isa = XCBuildConfiguration;
			buildSettings = {
				ASSETCATALOG_COMPILER_APPICON_NAME = AppIcon;
				ASSETCATALOG_COMPILER_LAUNCHIMAGE_NAME = LaunchImage;
				CODE_SIGN_IDENTITY = "iPhone Developer";
				GCC_PRECOMPILE_PREFIX_HEADER = YES;
				GCC_PREFIX_HEADER = "BreakingBricks/BreakingBricks-Prefix.pch";
				INFOPLIST_FILE = "BreakingBricks/BreakingBricks-Info.plist";
				LIBRARY_SEARCH_PATHS = (
					"$(inherited)",
					"/Users/xcodenerd/dev/github-projects/BreakingBricks/BreakingBricks/BreakingBricks",
					"$(PROJECT_DIR)/BreakingBricks",
				);
				OTHER_LDFLAGS = (
					"-all_load",
					"-ObjC",
				);
				PRODUCT_NAME = "$(TARGET_NAME)";
				SPRITEKIT_TEXTURE_ATLAS_OUTPUT = YES;
				WRAPPER_EXTENSION = app;
			};
			name = Release;
		};
		3E7E29C119B3BAC900C3DCBE /* Debug */ = {
			isa = XCBuildConfiguration;
			buildSettings = {
				ARCHS = "$(ARCHS_STANDARD_INCLUDING_64_BIT)";
				BUNDLE_LOADER = "$(BUILT_PRODUCTS_DIR)/BreakingBricks.app/BreakingBricks";
				FRAMEWORK_SEARCH_PATHS = (
					"$(SDKROOT)/Developer/Library/Frameworks",
					"$(inherited)",
					"$(DEVELOPER_FRAMEWORKS_DIR)",
				);
				GCC_PRECOMPILE_PREFIX_HEADER = YES;
				GCC_PREFIX_HEADER = "BreakingBricks/BreakingBricks-Prefix.pch";
				GCC_PREPROCESSOR_DEFINITIONS = (
					"DEBUG=1",
					"$(inherited)",
				);
				INFOPLIST_FILE = "BreakingBricksTests/BreakingBricksTests-Info.plist";
				PRODUCT_NAME = "$(TARGET_NAME)";
				TEST_HOST = "$(BUNDLE_LOADER)";
				WRAPPER_EXTENSION = xctest;
			};
			name = Debug;
		};
		3E7E29C219B3BAC900C3DCBE /* Release */ = {
			isa = XCBuildConfiguration;
			buildSettings = {
				ARCHS = "$(ARCHS_STANDARD_INCLUDING_64_BIT)";
				BUNDLE_LOADER = "$(BUILT_PRODUCTS_DIR)/BreakingBricks.app/BreakingBricks";
				FRAMEWORK_SEARCH_PATHS = (
					"$(SDKROOT)/Developer/Library/Frameworks",
					"$(inherited)",
					"$(DEVELOPER_FRAMEWORKS_DIR)",
				);
				GCC_PRECOMPILE_PREFIX_HEADER = YES;
				GCC_PREFIX_HEADER = "BreakingBricks/BreakingBricks-Prefix.pch";
				INFOPLIST_FILE = "BreakingBricksTests/BreakingBricksTests-Info.plist";
				PRODUCT_NAME = "$(TARGET_NAME)";
				TEST_HOST = "$(BUNDLE_LOADER)";
				WRAPPER_EXTENSION = xctest;
			};
			name = Release;
		};
/* End XCBuildConfiguration section */

/* Begin XCConfigurationList section */
		3E7E297F19B3BAC900C3DCBE /* Build configuration list for PBXProject "BreakingBricks" */ = {
			isa = XCConfigurationList;
			buildConfigurations = (
				3E7E29BB19B3BAC900C3DCBE /* Debug */,
				3E7E29BC19B3BAC900C3DCBE /* Release */,
			);
			defaultConfigurationIsVisible = 0;
			defaultConfigurationName = Release;
		};
		3E7E29BD19B3BAC900C3DCBE /* Build configuration list for PBXNativeTarget "Bricked" */ = {
			isa = XCConfigurationList;
			buildConfigurations = (
				3E7E29BE19B3BAC900C3DCBE /* Debug */,
				3E7E29BF19B3BAC900C3DCBE /* Release */,
			);
			defaultConfigurationIsVisible = 0;
			defaultConfigurationName = Release;
		};
		3E7E29C019B3BAC900C3DCBE /* Build configuration list for PBXNativeTarget "BreakingBricksTests" */ = {
			isa = XCConfigurationList;
			buildConfigurations = (
				3E7E29C119B3BAC900C3DCBE /* Debug */,
				3E7E29C219B3BAC900C3DCBE /* Release */,
			);
			defaultConfigurationIsVisible = 0;
			defaultConfigurationName = Release;
		};
/* End XCConfigurationList section */
	};
	rootObject = 3E7E297C19B3BAC900C3DCBE /* Project object */;
}
